// !$*UTF8*$!
{
	archiveVersion = 1;
	classes = {
	};
	objectVersion = 55;
	objects = {

/* Begin PBXBuildFile section */
		2202847D27B5785800BC7AF2 /* HomeTabView.swift in Sources */ = {isa = PBXBuildFile; fileRef = 2202847C27B5785800BC7AF2 /* HomeTabView.swift */; };
		2202848027B584BD00BC7AF2 /* Color+Reddit.swift in Sources */ = {isa = PBXBuildFile; fileRef = 2202847F27B584BD00BC7AF2 /* Color+Reddit.swift */; };
		222E01E727B5892A00D00529 /* SearchTitleBar.swift in Sources */ = {isa = PBXBuildFile; fileRef = 222E01E627B5892A00D00529 /* SearchTitleBar.swift */; };
		2230836727B41BB700D37C45 /* SwiftUIRedditApp.swift in Sources */ = {isa = PBXBuildFile; fileRef = 2230836627B41BB700D37C45 /* SwiftUIRedditApp.swift */; };
		2230836B27B41BB900D37C45 /* Assets.xcassets in Resources */ = {isa = PBXBuildFile; fileRef = 2230836A27B41BB900D37C45 /* Assets.xcassets */; };
		2230836E27B41BB900D37C45 /* Preview Assets.xcassets in Resources */ = {isa = PBXBuildFile; fileRef = 2230836D27B41BB900D37C45 /* Preview Assets.xcassets */; };
		2230837527B41BDC00D37C45 /* PostCell.swift in Sources */ = {isa = PBXBuildFile; fileRef = 2230837427B41BDC00D37C45 /* PostCell.swift */; };
		2259B45327B421B4004714BE /* PostListView.swift in Sources */ = {isa = PBXBuildFile; fileRef = 2259B45227B421B4004714BE /* PostListView.swift */; };
		2259B45527B424F5004714BE /* RedditAPI.swift in Sources */ = {isa = PBXBuildFile; fileRef = 2259B45427B424F5004714BE /* RedditAPI.swift */; };
		2259B45727B43E56004714BE /* Kind.swift in Sources */ = {isa = PBXBuildFile; fileRef = 2259B45627B43E56004714BE /* Kind.swift */; };
		2259B45927B43E7E004714BE /* Post.swift in Sources */ = {isa = PBXBuildFile; fileRef = 2259B45827B43E7E004714BE /* Post.swift */; };
		2259B45F27B43ED4004714BE /* Subreddit.swift in Sources */ = {isa = PBXBuildFile; fileRef = 2259B45E27B43ED4004714BE /* Subreddit.swift */; };
		2259B46127B43F1D004714BE /* Listing.swift in Sources */ = {isa = PBXBuildFile; fileRef = 2259B46027B43F1D004714BE /* Listing.swift */; };
		2259B46327B43FDA004714BE /* SubredditStore.swift in Sources */ = {isa = PBXBuildFile; fileRef = 2259B46227B43FDA004714BE /* SubredditStore.swift */; };
		2259B46527B44D93004714BE /* SubredditDetail.swift in Sources */ = {isa = PBXBuildFile; fileRef = 2259B46427B44D93004714BE /* SubredditDetail.swift */; };
		2259B46727B455CD004714BE /* PostHint.swift in Sources */ = {isa = PBXBuildFile; fileRef = 2259B46627B455CD004714BE /* PostHint.swift */; };
		2259B46C27B46024004714BE /* PostListViewModel.swift in Sources */ = {isa = PBXBuildFile; fileRef = 2259B46B27B46024004714BE /* PostListViewModel.swift */; };
		2259B46E27B4605E004714BE /* PostCellViewModel.swift in Sources */ = {isa = PBXBuildFile; fileRef = 2259B46D27B4605E004714BE /* PostCellViewModel.swift */; };
		2259B47527B46957004714BE /* PostCellSubredditAuthorView.swift in Sources */ = {isa = PBXBuildFile; fileRef = 2259B47427B46957004714BE /* PostCellSubredditAuthorView.swift */; };
		2259B47727B46A8C004714BE /* PostCellDefaultBody.swift in Sources */ = {isa = PBXBuildFile; fileRef = 2259B47627B46A8C004714BE /* PostCellDefaultBody.swift */; };
		2259B47927B46B51004714BE /* PostCellActionsView.swift in Sources */ = {isa = PBXBuildFile; fileRef = 2259B47827B46B51004714BE /* PostCellActionsView.swift */; };
		2259B47C27B4BEB3004714BE /* TabBarView.swift in Sources */ = {isa = PBXBuildFile; fileRef = 2259B47B27B4BEB3004714BE /* TabBarView.swift */; };
		22E168C827B5A2D100757D61 /* BottomSheetView.swift in Sources */ = {isa = PBXBuildFile; fileRef = 22E168C727B5A2D100757D61 /* BottomSheetView.swift */; };
		22E168CC27B5ACA300757D61 /* RootView.swift in Sources */ = {isa = PBXBuildFile; fileRef = 22E168CB27B5ACA300757D61 /* RootView.swift */; };
		22E168CF27B5AD5900757D61 /* BottomSheetStore.swift in Sources */ = {isa = PBXBuildFile; fileRef = 22E168CE27B5AD5900757D61 /* BottomSheetStore.swift */; };
		22E168D227B5BA1100757D61 /* SortPostsSheet.swift in Sources */ = {isa = PBXBuildFile; fileRef = 22E168D127B5BA1100757D61 /* SortPostsSheet.swift */; };
/* End PBXBuildFile section */

/* Begin PBXFileReference section */
		2202847C27B5785800BC7AF2 /* HomeTabView.swift */ = {isa = PBXFileReference; lastKnownFileType = sourcecode.swift; path = HomeTabView.swift; sourceTree = "<group>"; };
		2202847F27B584BD00BC7AF2 /* Color+Reddit.swift */ = {isa = PBXFileReference; lastKnownFileType = sourcecode.swift; path = "Color+Reddit.swift"; sourceTree = "<group>"; };
		222E01E627B5892A00D00529 /* SearchTitleBar.swift */ = {isa = PBXFileReference; lastKnownFileType = sourcecode.swift; path = SearchTitleBar.swift; sourceTree = "<group>"; };
		2230836327B41BB700D37C45 /* SwiftUIReddit.app */ = {isa = PBXFileReference; explicitFileType = wrapper.application; includeInIndex = 0; path = SwiftUIReddit.app; sourceTree = BUILT_PRODUCTS_DIR; };
		2230836627B41BB700D37C45 /* SwiftUIRedditApp.swift */ = {isa = PBXFileReference; lastKnownFileType = sourcecode.swift; path = SwiftUIRedditApp.swift; sourceTree = "<group>"; };
		2230836A27B41BB900D37C45 /* Assets.xcassets */ = {isa = PBXFileReference; lastKnownFileType = folder.assetcatalog; path = Assets.xcassets; sourceTree = "<group>"; };
		2230836D27B41BB900D37C45 /* Preview Assets.xcassets */ = {isa = PBXFileReference; lastKnownFileType = folder.assetcatalog; path = "Preview Assets.xcassets"; sourceTree = "<group>"; };
		2230837427B41BDC00D37C45 /* PostCell.swift */ = {isa = PBXFileReference; lastKnownFileType = sourcecode.swift; path = PostCell.swift; sourceTree = "<group>"; };
		2259B45227B421B4004714BE /* PostListView.swift */ = {isa = PBXFileReference; lastKnownFileType = sourcecode.swift; path = PostListView.swift; sourceTree = "<group>"; };
		2259B45427B424F5004714BE /* RedditAPI.swift */ = {isa = PBXFileReference; lastKnownFileType = sourcecode.swift; path = RedditAPI.swift; sourceTree = "<group>"; };
		2259B45627B43E56004714BE /* Kind.swift */ = {isa = PBXFileReference; lastKnownFileType = sourcecode.swift; path = Kind.swift; sourceTree = "<group>"; };
		2259B45827B43E7E004714BE /* Post.swift */ = {isa = PBXFileReference; lastKnownFileType = sourcecode.swift; path = Post.swift; sourceTree = "<group>"; };
		2259B45E27B43ED4004714BE /* Subreddit.swift */ = {isa = PBXFileReference; lastKnownFileType = sourcecode.swift; path = Subreddit.swift; sourceTree = "<group>"; };
		2259B46027B43F1D004714BE /* Listing.swift */ = {isa = PBXFileReference; lastKnownFileType = sourcecode.swift; path = Listing.swift; sourceTree = "<group>"; };
		2259B46227B43FDA004714BE /* SubredditStore.swift */ = {isa = PBXFileReference; lastKnownFileType = sourcecode.swift; path = SubredditStore.swift; sourceTree = "<group>"; };
		2259B46427B44D93004714BE /* SubredditDetail.swift */ = {isa = PBXFileReference; lastKnownFileType = sourcecode.swift; path = SubredditDetail.swift; sourceTree = "<group>"; };
		2259B46627B455CD004714BE /* PostHint.swift */ = {isa = PBXFileReference; lastKnownFileType = sourcecode.swift; path = PostHint.swift; sourceTree = "<group>"; };
		2259B46B27B46024004714BE /* PostListViewModel.swift */ = {isa = PBXFileReference; lastKnownFileType = sourcecode.swift; path = PostListViewModel.swift; sourceTree = "<group>"; };
		2259B46D27B4605E004714BE /* PostCellViewModel.swift */ = {isa = PBXFileReference; lastKnownFileType = sourcecode.swift; path = PostCellViewModel.swift; sourceTree = "<group>"; };
		2259B47427B46957004714BE /* PostCellSubredditAuthorView.swift */ = {isa = PBXFileReference; lastKnownFileType = sourcecode.swift; path = PostCellSubredditAuthorView.swift; sourceTree = "<group>"; };
		2259B47627B46A8C004714BE /* PostCellDefaultBody.swift */ = {isa = PBXFileReference; lastKnownFileType = sourcecode.swift; path = PostCellDefaultBody.swift; sourceTree = "<group>"; };
		2259B47827B46B51004714BE /* PostCellActionsView.swift */ = {isa = PBXFileReference; lastKnownFileType = sourcecode.swift; path = PostCellActionsView.swift; sourceTree = "<group>"; };
		2259B47B27B4BEB3004714BE /* TabBarView.swift */ = {isa = PBXFileReference; lastKnownFileType = sourcecode.swift; path = TabBarView.swift; sourceTree = "<group>"; };
		22E168C727B5A2D100757D61 /* BottomSheetView.swift */ = {isa = PBXFileReference; lastKnownFileType = sourcecode.swift; path = BottomSheetView.swift; sourceTree = "<group>"; };
		22E168CB27B5ACA300757D61 /* RootView.swift */ = {isa = PBXFileReference; lastKnownFileType = sourcecode.swift; path = RootView.swift; sourceTree = "<group>"; };
		22E168CE27B5AD5900757D61 /* BottomSheetStore.swift */ = {isa = PBXFileReference; lastKnownFileType = sourcecode.swift; path = BottomSheetStore.swift; sourceTree = "<group>"; };
		22E168D127B5BA1100757D61 /* SortPostsSheet.swift */ = {isa = PBXFileReference; lastKnownFileType = sourcecode.swift; path = SortPostsSheet.swift; sourceTree = "<group>"; };
/* End PBXFileReference section */

/* Begin PBXFrameworksBuildPhase section */
		2230836027B41BB700D37C45 /* Frameworks */ = {
			isa = PBXFrameworksBuildPhase;
			buildActionMask = 2147483647;
			files = (
			);
			runOnlyForDeploymentPostprocessing = 0;
		};
/* End PBXFrameworksBuildPhase section */

/* Begin PBXGroup section */
		2202847B27B5783600BC7AF2 /* HomeTabView */ = {
			isa = PBXGroup;
			children = (
				2202847C27B5785800BC7AF2 /* HomeTabView.swift */,
			);
			path = HomeTabView;
			sourceTree = "<group>";
		};
		2202847E27B584A800BC7AF2 /* Theme */ = {
			isa = PBXGroup;
			children = (
				2202847F27B584BD00BC7AF2 /* Color+Reddit.swift */,
			);
			path = Theme;
			sourceTree = "<group>";
		};
		222E01E527B5890900D00529 /* SearchTitleBar */ = {
			isa = PBXGroup;
			children = (
				222E01E627B5892A00D00529 /* SearchTitleBar.swift */,
			);
			path = SearchTitleBar;
			sourceTree = "<group>";
		};
		2230835A27B41BB700D37C45 = {
			isa = PBXGroup;
			children = (
				2230836527B41BB700D37C45 /* SwiftUIReddit */,
				2230836427B41BB700D37C45 /* Products */,
			);
			sourceTree = "<group>";
		};
		2230836427B41BB700D37C45 /* Products */ = {
			isa = PBXGroup;
			children = (
				2230836327B41BB700D37C45 /* SwiftUIReddit.app */,
			);
			name = Products;
			sourceTree = "<group>";
		};
		2230836527B41BB700D37C45 /* SwiftUIReddit */ = {
			isa = PBXGroup;
			children = (
				2202847E27B584A800BC7AF2 /* Theme */,
				2259B45A27B43E9C004714BE /* RedditAPI */,
				2259B45B27B43EA1004714BE /* Views */,
				2230836627B41BB700D37C45 /* SwiftUIRedditApp.swift */,
				2230836A27B41BB900D37C45 /* Assets.xcassets */,
				2230836C27B41BB900D37C45 /* Preview Content */,
			);
			path = SwiftUIReddit;
			sourceTree = "<group>";
		};
		2230836C27B41BB900D37C45 /* Preview Content */ = {
			isa = PBXGroup;
			children = (
				2230836D27B41BB900D37C45 /* Preview Assets.xcassets */,
			);
			path = "Preview Content";
			sourceTree = "<group>";
		};
		2259B45A27B43E9C004714BE /* RedditAPI */ = {
			isa = PBXGroup;
			children = (
				2259B45D27B43EBA004714BE /* Endpoints */,
				2259B45C27B43EB2004714BE /* Models */,
				2259B45427B424F5004714BE /* RedditAPI.swift */,
			);
			path = RedditAPI;
			sourceTree = "<group>";
		};
		2259B45B27B43EA1004714BE /* Views */ = {
			isa = PBXGroup;
			children = (
				22E168D027B5B9FD00757D61 /* SortPostsSheet */,
				22E168CD27B5AD4100757D61 /* RootView */,
				22E168C627B5A1EA00757D61 /* BottomSheetView */,
				222E01E527B5890900D00529 /* SearchTitleBar */,
				2202847B27B5783600BC7AF2 /* HomeTabView */,
				2259B47A27B4BE98004714BE /* TabBarView */,
				2259B46827B45FE9004714BE /* PostListView */,
			);
			path = Views;
			sourceTree = "<group>";
		};
		2259B45C27B43EB2004714BE /* Models */ = {
			isa = PBXGroup;
			children = (
				2259B45627B43E56004714BE /* Kind.swift */,
				2259B45827B43E7E004714BE /* Post.swift */,
				2259B46027B43F1D004714BE /* Listing.swift */,
				2259B46427B44D93004714BE /* SubredditDetail.swift */,
				2259B46627B455CD004714BE /* PostHint.swift */,
			);
			path = Models;
			sourceTree = "<group>";
		};
		2259B45D27B43EBA004714BE /* Endpoints */ = {
			isa = PBXGroup;
			children = (
				2259B45E27B43ED4004714BE /* Subreddit.swift */,
			);
			path = Endpoints;
			sourceTree = "<group>";
		};
		2259B46827B45FE9004714BE /* PostListView */ = {
			isa = PBXGroup;
			children = (
				2259B46A27B4600B004714BE /* SubredditStore */,
				2259B46F27B468E2004714BE /* PostCell */,
				2259B45227B421B4004714BE /* PostListView.swift */,
			);
			path = PostListView;
			sourceTree = "<group>";
		};
		2259B46A27B4600B004714BE /* SubredditStore */ = {
			isa = PBXGroup;
			children = (
				2259B46227B43FDA004714BE /* SubredditStore.swift */,
				2259B46B27B46024004714BE /* PostListViewModel.swift */,
				2259B46D27B4605E004714BE /* PostCellViewModel.swift */,
			);
			path = SubredditStore;
			sourceTree = "<group>";
		};
		2259B46F27B468E2004714BE /* PostCell */ = {
			isa = PBXGroup;
			children = (
				2230837427B41BDC00D37C45 /* PostCell.swift */,
				2259B47427B46957004714BE /* PostCellSubredditAuthorView.swift */,
				2259B47627B46A8C004714BE /* PostCellDefaultBody.swift */,
				2259B47827B46B51004714BE /* PostCellActionsView.swift */,
			);
			path = PostCell;
			sourceTree = "<group>";
		};
		2259B47A27B4BE98004714BE /* TabBarView */ = {
			isa = PBXGroup;
			children = (
				2259B47B27B4BEB3004714BE /* TabBarView.swift */,
			);
			path = TabBarView;
			sourceTree = "<group>";
		};
		22E168C627B5A1EA00757D61 /* BottomSheetView */ = {
			isa = PBXGroup;
			children = (
				22E168C727B5A2D100757D61 /* BottomSheetView.swift */,
			);
			path = BottomSheetView;
			sourceTree = "<group>";
		};
		22E168CD27B5AD4100757D61 /* RootView */ = {
			isa = PBXGroup;
			children = (
				22E168CB27B5ACA300757D61 /* RootView.swift */,
				22E168CE27B5AD5900757D61 /* BottomSheetStore.swift */,
			);
			path = RootView;
			sourceTree = "<group>";
		};
		22E168D027B5B9FD00757D61 /* SortPostsSheet */ = {
			isa = PBXGroup;
			children = (
				22E168D127B5BA1100757D61 /* SortPostsSheet.swift */,
			);
			path = SortPostsSheet;
			sourceTree = "<group>";
		};
/* End PBXGroup section */

/* Begin PBXNativeTarget section */
		2230836227B41BB700D37C45 /* SwiftUIReddit */ = {
			isa = PBXNativeTarget;
			buildConfigurationList = 2230837127B41BB900D37C45 /* Build configuration list for PBXNativeTarget "SwiftUIReddit" */;
			buildPhases = (
				2230835F27B41BB700D37C45 /* Sources */,
				2230836027B41BB700D37C45 /* Frameworks */,
				2230836127B41BB700D37C45 /* Resources */,
			);
			buildRules = (
			);
			dependencies = (
			);
			name = SwiftUIReddit;
			productName = SwiftUIReddit;
			productReference = 2230836327B41BB700D37C45 /* SwiftUIReddit.app */;
			productType = "com.apple.product-type.application";
		};
/* End PBXNativeTarget section */

/* Begin PBXProject section */
		2230835B27B41BB700D37C45 /* Project object */ = {
			isa = PBXProject;
			attributes = {
				BuildIndependentTargetsInParallel = 1;
				LastSwiftUpdateCheck = 1320;
				LastUpgradeCheck = 1320;
				TargetAttributes = {
					2230836227B41BB700D37C45 = {
						CreatedOnToolsVersion = 13.2.1;
					};
				};
			};
			buildConfigurationList = 2230835E27B41BB700D37C45 /* Build configuration list for PBXProject "SwiftUIReddit" */;
			compatibilityVersion = "Xcode 13.0";
			developmentRegion = en;
			hasScannedForEncodings = 0;
			knownRegions = (
				en,
				Base,
			);
			mainGroup = 2230835A27B41BB700D37C45;
			productRefGroup = 2230836427B41BB700D37C45 /* Products */;
			projectDirPath = "";
			projectRoot = "";
			targets = (
				2230836227B41BB700D37C45 /* SwiftUIReddit */,
			);
		};
/* End PBXProject section */

/* Begin PBXResourcesBuildPhase section */
		2230836127B41BB700D37C45 /* Resources */ = {
			isa = PBXResourcesBuildPhase;
			buildActionMask = 2147483647;
			files = (
				2230836E27B41BB900D37C45 /* Preview Assets.xcassets in Resources */,
				2230836B27B41BB900D37C45 /* Assets.xcassets in Resources */,
			);
			runOnlyForDeploymentPostprocessing = 0;
		};
/* End PBXResourcesBuildPhase section */

/* Begin PBXSourcesBuildPhase section */
		2230835F27B41BB700D37C45 /* Sources */ = {
			isa = PBXSourcesBuildPhase;
			buildActionMask = 2147483647;
			files = (
				22E168CF27B5AD5900757D61 /* BottomSheetStore.swift in Sources */,
				22E168D227B5BA1100757D61 /* SortPostsSheet.swift in Sources */,
				2259B47C27B4BEB3004714BE /* TabBarView.swift in Sources */,
				2259B45F27B43ED4004714BE /* Subreddit.swift in Sources */,
				2259B46127B43F1D004714BE /* Listing.swift in Sources */,
				2259B47927B46B51004714BE /* PostCellActionsView.swift in Sources */,
				2259B46327B43FDA004714BE /* SubredditStore.swift in Sources */,
				2202847D27B5785800BC7AF2 /* HomeTabView.swift in Sources */,
				2230836727B41BB700D37C45 /* SwiftUIRedditApp.swift in Sources */,
				2259B45327B421B4004714BE /* PostListView.swift in Sources */,
				2259B45527B424F5004714BE /* RedditAPI.swift in Sources */,
				2259B47527B46957004714BE /* PostCellSubredditAuthorView.swift in Sources */,
				22E168CC27B5ACA300757D61 /* RootView.swift in Sources */,
				2259B46C27B46024004714BE /* PostListViewModel.swift in Sources */,
				22E168C827B5A2D100757D61 /* BottomSheetView.swift in Sources */,
				2259B46527B44D93004714BE /* SubredditDetail.swift in Sources */,
				222E01E727B5892A00D00529 /* SearchTitleBar.swift in Sources */,
				2230837527B41BDC00D37C45 /* PostCell.swift in Sources */,
				2259B45927B43E7E004714BE /* Post.swift in Sources */,
				2259B46727B455CD004714BE /* PostHint.swift in Sources */,
				2259B47727B46A8C004714BE /* PostCellDefaultBody.swift in Sources */,
				2259B46E27B4605E004714BE /* PostCellViewModel.swift in Sources */,
				2259B45727B43E56004714BE /* Kind.swift in Sources */,
				2202848027B584BD00BC7AF2 /* Color+Reddit.swift in Sources */,
			);
			runOnlyForDeploymentPostprocessing = 0;
		};
/* End PBXSourcesBuildPhase section */

/* Begin XCBuildConfiguration section */
		2230836F27B41BB900D37C45 /* Debug */ = {
			isa = XCBuildConfiguration;
			buildSettings = {
				ALWAYS_SEARCH_USER_PATHS = NO;
				CLANG_ANALYZER_NONNULL = YES;
				CLANG_ANALYZER_NUMBER_OBJECT_CONVERSION = YES_AGGRESSIVE;
				CLANG_CXX_LANGUAGE_STANDARD = "gnu++17";
				CLANG_CXX_LIBRARY = "libc++";
				CLANG_ENABLE_MODULES = YES;
				CLANG_ENABLE_OBJC_ARC = YES;
				CLANG_ENABLE_OBJC_WEAK = YES;
				CLANG_WARN_BLOCK_CAPTURE_AUTORELEASING = YES;
				CLANG_WARN_BOOL_CONVERSION = YES;
				CLANG_WARN_COMMA = YES;
				CLANG_WARN_CONSTANT_CONVERSION = YES;
				CLANG_WARN_DEPRECATED_OBJC_IMPLEMENTATIONS = YES;
				CLANG_WARN_DIRECT_OBJC_ISA_USAGE = YES_ERROR;
				CLANG_WARN_DOCUMENTATION_COMMENTS = YES;
				CLANG_WARN_EMPTY_BODY = YES;
				CLANG_WARN_ENUM_CONVERSION = YES;
				CLANG_WARN_INFINITE_RECURSION = YES;
				CLANG_WARN_INT_CONVERSION = YES;
				CLANG_WARN_NON_LITERAL_NULL_CONVERSION = YES;
				CLANG_WARN_OBJC_IMPLICIT_RETAIN_SELF = YES;
				CLANG_WARN_OBJC_LITERAL_CONVERSION = YES;
				CLANG_WARN_OBJC_ROOT_CLASS = YES_ERROR;
				CLANG_WARN_QUOTED_INCLUDE_IN_FRAMEWORK_HEADER = YES;
				CLANG_WARN_RANGE_LOOP_ANALYSIS = YES;
				CLANG_WARN_STRICT_PROTOTYPES = YES;
				CLANG_WARN_SUSPICIOUS_MOVE = YES;
				CLANG_WARN_UNGUARDED_AVAILABILITY = YES_AGGRESSIVE;
				CLANG_WARN_UNREACHABLE_CODE = YES;
				CLANG_WARN__DUPLICATE_METHOD_MATCH = YES;
				COPY_PHASE_STRIP = NO;
				DEBUG_INFORMATION_FORMAT = dwarf;
				ENABLE_STRICT_OBJC_MSGSEND = YES;
				ENABLE_TESTABILITY = YES;
				GCC_C_LANGUAGE_STANDARD = gnu11;
				GCC_DYNAMIC_NO_PIC = NO;
				GCC_NO_COMMON_BLOCKS = YES;
				GCC_OPTIMIZATION_LEVEL = 0;
				GCC_PREPROCESSOR_DEFINITIONS = (
					"DEBUG=1",
					"$(inherited)",
				);
				GCC_WARN_64_TO_32_BIT_CONVERSION = YES;
				GCC_WARN_ABOUT_RETURN_TYPE = YES_ERROR;
				GCC_WARN_UNDECLARED_SELECTOR = YES;
				GCC_WARN_UNINITIALIZED_AUTOS = YES_AGGRESSIVE;
				GCC_WARN_UNUSED_FUNCTION = YES;
				GCC_WARN_UNUSED_VARIABLE = YES;
				IPHONEOS_DEPLOYMENT_TARGET = 15.2;
				MTL_ENABLE_DEBUG_INFO = INCLUDE_SOURCE;
				MTL_FAST_MATH = YES;
				ONLY_ACTIVE_ARCH = YES;
				SDKROOT = iphoneos;
				SWIFT_ACTIVE_COMPILATION_CONDITIONS = DEBUG;
				SWIFT_OPTIMIZATION_LEVEL = "-Onone";
			};
			name = Debug;
		};
		2230837027B41BB900D37C45 /* Release */ = {
			isa = XCBuildConfiguration;
			buildSettings = {
				ALWAYS_SEARCH_USER_PATHS = NO;
				CLANG_ANALYZER_NONNULL = YES;
				CLANG_ANALYZER_NUMBER_OBJECT_CONVERSION = YES_AGGRESSIVE;
				CLANG_CXX_LANGUAGE_STANDARD = "gnu++17";
				CLANG_CXX_LIBRARY = "libc++";
				CLANG_ENABLE_MODULES = YES;
				CLANG_ENABLE_OBJC_ARC = YES;
				CLANG_ENABLE_OBJC_WEAK = YES;
				CLANG_WARN_BLOCK_CAPTURE_AUTORELEASING = YES;
				CLANG_WARN_BOOL_CONVERSION = YES;
				CLANG_WARN_COMMA = YES;
				CLANG_WARN_CONSTANT_CONVERSION = YES;
				CLANG_WARN_DEPRECATED_OBJC_IMPLEMENTATIONS = YES;
				CLANG_WARN_DIRECT_OBJC_ISA_USAGE = YES_ERROR;
				CLANG_WARN_DOCUMENTATION_COMMENTS = YES;
				CLANG_WARN_EMPTY_BODY = YES;
				CLANG_WARN_ENUM_CONVERSION = YES;
				CLANG_WARN_INFINITE_RECURSION = YES;
				CLANG_WARN_INT_CONVERSION = YES;
				CLANG_WARN_NON_LITERAL_NULL_CONVERSION = YES;
				CLANG_WARN_OBJC_IMPLICIT_RETAIN_SELF = YES;
				CLANG_WARN_OBJC_LITERAL_CONVERSION = YES;
				CLANG_WARN_OBJC_ROOT_CLASS = YES_ERROR;
				CLANG_WARN_QUOTED_INCLUDE_IN_FRAMEWORK_HEADER = YES;
				CLANG_WARN_RANGE_LOOP_ANALYSIS = YES;
				CLANG_WARN_STRICT_PROTOTYPES = YES;
				CLANG_WARN_SUSPICIOUS_MOVE = YES;
				CLANG_WARN_UNGUARDED_AVAILABILITY = YES_AGGRESSIVE;
				CLANG_WARN_UNREACHABLE_CODE = YES;
				CLANG_WARN__DUPLICATE_METHOD_MATCH = YES;
				COPY_PHASE_STRIP = NO;
				DEBUG_INFORMATION_FORMAT = "dwarf-with-dsym";
				ENABLE_NS_ASSERTIONS = NO;
				ENABLE_STRICT_OBJC_MSGSEND = YES;
				GCC_C_LANGUAGE_STANDARD = gnu11;
				GCC_NO_COMMON_BLOCKS = YES;
				GCC_WARN_64_TO_32_BIT_CONVERSION = YES;
				GCC_WARN_ABOUT_RETURN_TYPE = YES_ERROR;
				GCC_WARN_UNDECLARED_SELECTOR = YES;
				GCC_WARN_UNINITIALIZED_AUTOS = YES_AGGRESSIVE;
				GCC_WARN_UNUSED_FUNCTION = YES;
				GCC_WARN_UNUSED_VARIABLE = YES;
				IPHONEOS_DEPLOYMENT_TARGET = 15.2;
				MTL_ENABLE_DEBUG_INFO = NO;
				MTL_FAST_MATH = YES;
				SDKROOT = iphoneos;
				SWIFT_COMPILATION_MODE = wholemodule;
				SWIFT_OPTIMIZATION_LEVEL = "-O";
				VALIDATE_PRODUCT = YES;
			};
			name = Release;
		};
		2230837227B41BB900D37C45 /* Debug */ = {
			isa = XCBuildConfiguration;
			buildSettings = {
				ASSETCATALOG_COMPILER_APPICON_NAME = AppIcon;
				ASSETCATALOG_COMPILER_GLOBAL_ACCENT_COLOR_NAME = AccentColor;
				CODE_SIGN_STYLE = Automatic;
				CURRENT_PROJECT_VERSION = 1;
				DEVELOPMENT_ASSET_PATHS = "\"SwiftUIReddit/Preview Content\"";
				DEVELOPMENT_TEAM = BMAP3YPNHG;
				ENABLE_PREVIEWS = YES;
				GENERATE_INFOPLIST_FILE = YES;
				INFOPLIST_KEY_UIApplicationSceneManifest_Generation = YES;
				INFOPLIST_KEY_UIApplicationSupportsIndirectInputEvents = YES;
				INFOPLIST_KEY_UILaunchScreen_Generation = YES;
				INFOPLIST_KEY_UISupportedInterfaceOrientations_iPad = "UIInterfaceOrientationPortrait UIInterfaceOrientationPortraitUpsideDown UIInterfaceOrientationLandscapeLeft UIInterfaceOrientationLandscapeRight";
				INFOPLIST_KEY_UISupportedInterfaceOrientations_iPhone = "UIInterfaceOrientationPortrait UIInterfaceOrientationLandscapeLeft UIInterfaceOrientationLandscapeRight";
				LD_RUNPATH_SEARCH_PATHS = (
					"$(inherited)",
					"@executable_path/Frameworks",
				);
				MARKETING_VERSION = 1.0;
				PRODUCT_BUNDLE_IDENTIFIER = andrew.SwiftUIReddit;
				PRODUCT_NAME = "$(TARGET_NAME)";
				SWIFT_EMIT_LOC_STRINGS = YES;
				SWIFT_VERSION = 5.0;
				TARGETED_DEVICE_FAMILY = "1,2";
			};
			name = Debug;
		};
		2230837327B41BB900D37C45 /* Release */ = {
			isa = XCBuildConfiguration;
			buildSettings = {
				ASSETCATALOG_COMPILER_APPICON_NAME = AppIcon;
				ASSETCATALOG_COMPILER_GLOBAL_ACCENT_COLOR_NAME = AccentColor;
				CODE_SIGN_STYLE = Automatic;
				CURRENT_PROJECT_VERSION = 1;
				DEVELOPMENT_ASSET_PATHS = "\"SwiftUIReddit/Preview Content\"";
				DEVELOPMENT_TEAM = BMAP3YPNHG;
				ENABLE_PREVIEWS = YES;
				GENERATE_INFOPLIST_FILE = YES;
				INFOPLIST_KEY_UIApplicationSceneManifest_Generation = YES;
				INFOPLIST_KEY_UIApplicationSupportsIndirectInputEvents = YES;
				INFOPLIST_KEY_UILaunchScreen_Generation = YES;
				INFOPLIST_KEY_UISupportedInterfaceOrientations_iPad = "UIInterfaceOrientationPortrait UIInterfaceOrientationPortraitUpsideDown UIInterfaceOrientationLandscapeLeft UIInterfaceOrientationLandscapeRight";
				INFOPLIST_KEY_UISupportedInterfaceOrientations_iPhone = "UIInterfaceOrientationPortrait UIInterfaceOrientationLandscapeLeft UIInterfaceOrientationLandscapeRight";
				LD_RUNPATH_SEARCH_PATHS = (
					"$(inherited)",
					"@executable_path/Frameworks",
				);
				MARKETING_VERSION = 1.0;
				PRODUCT_BUNDLE_IDENTIFIER = andrew.SwiftUIReddit;
				PRODUCT_NAME = "$(TARGET_NAME)";
				SWIFT_EMIT_LOC_STRINGS = YES;
				SWIFT_VERSION = 5.0;
				TARGETED_DEVICE_FAMILY = "1,2";
			};
			name = Release;
		};
/* End XCBuildConfiguration section */

/* Begin XCConfigurationList section */
		2230835E27B41BB700D37C45 /* Build configuration list for PBXProject "SwiftUIReddit" */ = {
			isa = XCConfigurationList;
			buildConfigurations = (
				2230836F27B41BB900D37C45 /* Debug */,
				2230837027B41BB900D37C45 /* Release */,
			);
			defaultConfigurationIsVisible = 0;
			defaultConfigurationName = Release;
		};
		2230837127B41BB900D37C45 /* Build configuration list for PBXNativeTarget "SwiftUIReddit" */ = {
			isa = XCConfigurationList;
			buildConfigurations = (
				2230837227B41BB900D37C45 /* Debug */,
				2230837327B41BB900D37C45 /* Release */,
			);
			defaultConfigurationIsVisible = 0;
			defaultConfigurationName = Release;
		};
/* End XCConfigurationList section */
	};
	rootObject = 2230835B27B41BB700D37C45 /* Project object */;
}
